// !$*UTF8*$!
{
	archiveVersion = 1;
	classes = {
	};
	objectVersion = 46;
	objects = {

/* Begin PBXBuildFile section */
		FCCC7C121B6D8E1B00A4E05B /* AppDelegate.swift in Sources */ = {isa = PBXBuildFile; fileRef = FCCC7C111B6D8E1B00A4E05B /* AppDelegate.swift */; };
		FCCC7C141B6D8E1B00A4E05B /* ViewController.swift in Sources */ = {isa = PBXBuildFile; fileRef = FCCC7C131B6D8E1B00A4E05B /* ViewController.swift */; };
		FCCC7C171B6D8E1B00A4E05B /* Main.storyboard in Resources */ = {isa = PBXBuildFile; fileRef = FCCC7C151B6D8E1B00A4E05B /* Main.storyboard */; };
		FCCC7C191B6D8E1B00A4E05B /* Images.xcassets in Resources */ = {isa = PBXBuildFile; fileRef = FCCC7C181B6D8E1B00A4E05B /* Images.xcassets */; };
		FCCC7C1C1B6D8E1B00A4E05B /* LaunchScreen.xib in Resources */ = {isa = PBXBuildFile; fileRef = FCCC7C1A1B6D8E1B00A4E05B /* LaunchScreen.xib */; };
		FCCC7C281B6D8E1C00A4E05B /* ScrewedTests.swift in Sources */ = {isa = PBXBuildFile; fileRef = FCCC7C271B6D8E1C00A4E05B /* ScrewedTests.swift */; };
/* End PBXBuildFile section */

/* Begin PBXContainerItemProxy section */
		FCCC7C221B6D8E1C00A4E05B /* PBXContainerItemProxy */ = {
			isa = PBXContainerItemProxy;
			containerPortal = FCCC7C041B6D8E1B00A4E05B /* Project object */;
			proxyType = 1;
			remoteGlobalIDString = FCCC7C0B1B6D8E1B00A4E05B;
			remoteInfo = Screwed;
		};
/* End PBXContainerItemProxy section */

/* Begin PBXFileReference section */
		FCCC7C0C1B6D8E1B00A4E05B /* Screwed.app */ = {isa = PBXFileReference; explicitFileType = wrapper.application; includeInIndex = 0; path = Screwed.app; sourceTree = BUILT_PRODUCTS_DIR; };
		FCCC7C101B6D8E1B00A4E05B /* Info.plist */ = {isa = PBXFileReference; lastKnownFileType = text.plist.xml; path = Info.plist; sourceTree = "<group>"; };
		FCCC7C111B6D8E1B00A4E05B /* AppDelegate.swift */ = {isa = PBXFileReference; lastKnownFileType = sourcecode.swift; path = AppDelegate.swift; sourceTree = "<group>"; };
		FCCC7C131B6D8E1B00A4E05B /* ViewController.swift */ = {isa = PBXFileReference; lastKnownFileType = sourcecode.swift; path = ViewController.swift; sourceTree = "<group>"; };
		FCCC7C161B6D8E1B00A4E05B /* Base */ = {isa = PBXFileReference; lastKnownFileType = file.storyboard; name = Base; path = Base.lproj/Main.storyboard; sourceTree = "<group>"; };
		FCCC7C181B6D8E1B00A4E05B /* Images.xcassets */ = {isa = PBXFileReference; lastKnownFileType = folder.assetcatalog; path = Images.xcassets; sourceTree = "<group>"; };
		FCCC7C1B1B6D8E1B00A4E05B /* Base */ = {isa = PBXFileReference; lastKnownFileType = file.xib; name = Base; path = Base.lproj/LaunchScreen.xib; sourceTree = "<group>"; };
		FCCC7C211B6D8E1C00A4E05B /* ScrewedTests.xctest */ = {isa = PBXFileReference; explicitFileType = wrapper.cfbundle; includeInIndex = 0; path = ScrewedTests.xctest; sourceTree = BUILT_PRODUCTS_DIR; };
		FCCC7C261B6D8E1C00A4E05B /* Info.plist */ = {isa = PBXFileReference; lastKnownFileType = text.plist.xml; path = Info.plist; sourceTree = "<group>"; };
		FCCC7C271B6D8E1C00A4E05B /* ScrewedTests.swift */ = {isa = PBXFileReference; lastKnownFileType = sourcecode.swift; path = ScrewedTests.swift; sourceTree = "<group>"; };
/* End PBXFileReference section */

/* Begin PBXFrameworksBuildPhase section */
		FCCC7C091B6D8E1B00A4E05B /* Frameworks */ = {
			isa = PBXFrameworksBuildPhase;
			buildActionMask = 2147483647;
			files = (
			);
			runOnlyForDeploymentPostprocessing = 0;
		};
		FCCC7C1E1B6D8E1C00A4E05B /* Frameworks */ = {
			isa = PBXFrameworksBuildPhase;
			buildActionMask = 2147483647;
			files = (
			);
			runOnlyForDeploymentPostprocessing = 0;
		};
/* End PBXFrameworksBuildPhase section */

/* Begin PBXGroup section */
		FCCC7C031B6D8E1B00A4E05B = {
			isa = PBXGroup;
			children = (
				FCCC7C0E1B6D8E1B00A4E05B /* Screwed */,
				FCCC7C241B6D8E1C00A4E05B /* ScrewedTests */,
				FCCC7C0D1B6D8E1B00A4E05B /* Products */,
			);
			sourceTree = "<group>";
		};
		FCCC7C0D1B6D8E1B00A4E05B /* Products */ = {
			isa = PBXGroup;
			children = (
				FCCC7C0C1B6D8E1B00A4E05B /* Screwed.app */,
				FCCC7C211B6D8E1C00A4E05B /* ScrewedTests.xctest */,
			);
			name = Products;
			sourceTree = "<group>";
		};
		FCCC7C0E1B6D8E1B00A4E05B /* Screwed */ = {
			isa = PBXGroup;
			children = (
				FCCC7C111B6D8E1B00A4E05B /* AppDelegate.swift */,
				FCCC7C131B6D8E1B00A4E05B /* ViewController.swift */,
				FCCC7C151B6D8E1B00A4E05B /* Main.storyboard */,
				FCCC7C181B6D8E1B00A4E05B /* Images.xcassets */,
				FCCC7C1A1B6D8E1B00A4E05B /* LaunchScreen.xib */,
				FCCC7C0F1B6D8E1B00A4E05B /* Supporting Files */,
			);
			path = Screwed;
			sourceTree = "<group>";
		};
		FCCC7C0F1B6D8E1B00A4E05B /* Supporting Files */ = {
			isa = PBXGroup;
			children = (
				FCCC7C101B6D8E1B00A4E05B /* Info.plist */,
			);
			name = "Supporting Files";
			sourceTree = "<group>";
		};
		FCCC7C241B6D8E1C00A4E05B /* ScrewedTests */ = {
			isa = PBXGroup;
			children = (
				FCCC7C271B6D8E1C00A4E05B /* ScrewedTests.swift */,
				FCCC7C251B6D8E1C00A4E05B /* Supporting Files */,
			);
			path = ScrewedTests;
			sourceTree = "<group>";
		};
		FCCC7C251B6D8E1C00A4E05B /* Supporting Files */ = {
			isa = PBXGroup;
			children = (
				FCCC7C261B6D8E1C00A4E05B /* Info.plist */,
			);
			name = "Supporting Files";
			sourceTree = "<group>";
		};
/* End PBXGroup section */

/* Begin PBXNativeTarget section */
		FCCC7C0B1B6D8E1B00A4E05B /* Screwed */ = {
			isa = PBXNativeTarget;
			buildConfigurationList = FCCC7C2B1B6D8E1C00A4E05B /* Build configuration list for PBXNativeTarget "Screwed" */;
			buildPhases = (
				FCCC7C081B6D8E1B00A4E05B /* Sources */,
				FCCC7C091B6D8E1B00A4E05B /* Frameworks */,
				FCCC7C0A1B6D8E1B00A4E05B /* Resources */,
			);
			buildRules = (
			);
			dependencies = (
			);
			name = Screwed;
			productName = Screwed;
			productReference = FCCC7C0C1B6D8E1B00A4E05B /* Screwed.app */;
			productType = "com.apple.product-type.application";
		};
		FCCC7C201B6D8E1C00A4E05B /* ScrewedTests */ = {
			isa = PBXNativeTarget;
			buildConfigurationList = FCCC7C2E1B6D8E1C00A4E05B /* Build configuration list for PBXNativeTarget "ScrewedTests" */;
			buildPhases = (
				FCCC7C1D1B6D8E1C00A4E05B /* Sources */,
				FCCC7C1E1B6D8E1C00A4E05B /* Frameworks */,
				FCCC7C1F1B6D8E1C00A4E05B /* Resources */,
			);
			buildRules = (
			);
			dependencies = (
				FCCC7C231B6D8E1C00A4E05B /* PBXTargetDependency */,
			);
			name = ScrewedTests;
			productName = ScrewedTests;
			productReference = FCCC7C211B6D8E1C00A4E05B /* ScrewedTests.xctest */;
			productType = "com.apple.product-type.bundle.unit-test";
		};
/* End PBXNativeTarget section */

/* Begin PBXProject section */
		FCCC7C041B6D8E1B00A4E05B /* Project object */ = {
			isa = PBXProject;
			attributes = {
				LastUpgradeCheck = 0630;
				ORGANIZATIONNAME = "Frank Joseph Boccia";
				TargetAttributes = {
					FCCC7C0B1B6D8E1B00A4E05B = {
						CreatedOnToolsVersion = 6.3.1;
					};
					FCCC7C201B6D8E1C00A4E05B = {
						CreatedOnToolsVersion = 6.3.1;
						TestTargetID = FCCC7C0B1B6D8E1B00A4E05B;
					};
				};
			};
			buildConfigurationList = FCCC7C071B6D8E1B00A4E05B /* Build configuration list for PBXProject "Screwed" */;
			compatibilityVersion = "Xcode 3.2";
			developmentRegion = English;
			hasScannedForEncodings = 0;
			knownRegions = (
				en,
				Base,
			);
			mainGroup = FCCC7C031B6D8E1B00A4E05B;
			productRefGroup = FCCC7C0D1B6D8E1B00A4E05B /* Products */;
			projectDirPath = "";
			projectRoot = "";
			targets = (
				FCCC7C0B1B6D8E1B00A4E05B /* Screwed */,
				FCCC7C201B6D8E1C00A4E05B /* ScrewedTests */,
			);
		};
/* End PBXProject section */

/* Begin PBXResourcesBuildPhase section */
		FCCC7C0A1B6D8E1B00A4E05B /* Resources */ = {
			isa = PBXResourcesBuildPhase;
			buildActionMask = 2147483647;
			files = (
				FCCC7C171B6D8E1B00A4E05B /* Main.storyboard in Resources */,
				FCCC7C1C1B6D8E1B00A4E05B /* LaunchScreen.xib in Resources */,
				FCCC7C191B6D8E1B00A4E05B /* Images.xcassets in Resources */,
			);
			runOnlyForDeploymentPostprocessing = 0;
		};
		FCCC7C1F1B6D8E1C00A4E05B /* Resources */ = {
			isa = PBXResourcesBuildPhase;
			buildActionMask = 2147483647;
			files = (
			);
			runOnlyForDeploymentPostprocessing = 0;
		};
/* End PBXResourcesBuildPhase section */

/* Begin PBXSourcesBuildPhase section */
		FCCC7C081B6D8E1B00A4E05B /* Sources */ = {
			isa = PBXSourcesBuildPhase;
			buildActionMask = 2147483647;
			files = (
				FCCC7C141B6D8E1B00A4E05B /* ViewController.swift in Sources */,
				FCCC7C121B6D8E1B00A4E05B /* AppDelegate.swift in Sources */,
			);
			runOnlyForDeploymentPostprocessing = 0;
		};
		FCCC7C1D1B6D8E1C00A4E05B /* Sources */ = {
			isa = PBXSourcesBuildPhase;
			buildActionMask = 2147483647;
			files = (
				FCCC7C281B6D8E1C00A4E05B /* ScrewedTests.swift in Sources */,
			);
			runOnlyForDeploymentPostprocessing = 0;
		};
/* End PBXSourcesBuildPhase section */

/* Begin PBXTargetDependency section */
		FCCC7C231B6D8E1C00A4E05B /* PBXTargetDependency */ = {
			isa = PBXTargetDependency;
			target = FCCC7C0B1B6D8E1B00A4E05B /* Screwed */;
			targetProxy = FCCC7C221B6D8E1C00A4E05B /* PBXContainerItemProxy */;
		};
/* End PBXTargetDependency section */

/* Begin PBXVariantGroup section */
		FCCC7C151B6D8E1B00A4E05B /* Main.storyboard */ = {
			isa = PBXVariantGroup;
			children = (
				FCCC7C161B6D8E1B00A4E05B /* Base */,
			);
			name = Main.storyboard;
			sourceTree = "<group>";
		};
		FCCC7C1A1B6D8E1B00A4E05B /* LaunchScreen.xib */ = {
			isa = PBXVariantGroup;
			children = (
				FCCC7C1B1B6D8E1B00A4E05B /* Base */,
			);
			name = LaunchScreen.xib;
			sourceTree = "<group>";
		};
/* End PBXVariantGroup section */

/* Begin XCBuildConfiguration section */
		FCCC7C291B6D8E1C00A4E05B /* Debug */ = {
			isa = XCBuildConfiguration;
			buildSettings = {
				ALWAYS_SEARCH_USER_PATHS = NO;
				CLANG_CXX_LANGUAGE_STANDARD = "gnu++0x";
				CLANG_CXX_LIBRARY = "libc++";
				CLANG_ENABLE_MODULES = YES;
				CLANG_ENABLE_OBJC_ARC = YES;
				CLANG_WARN_BOOL_CONVERSION = YES;
				CLANG_WARN_CONSTANT_CONVERSION = YES;
				CLANG_WARN_DIRECT_OBJC_ISA_USAGE = YES_ERROR;
				CLANG_WARN_EMPTY_BODY = YES;
				CLANG_WARN_ENUM_CONVERSION = YES;
				CLANG_WARN_INT_CONVERSION = YES;
				CLANG_WARN_OBJC_ROOT_CLASS = YES_ERROR;
				CLANG_WARN_UNREACHABLE_CODE = YES;
				CLANG_WARN__DUPLICATE_METHOD_MATCH = YES;
				"CODE_SIGN_IDENTITY[sdk=iphoneos*]" = "iPhone Developer";
				COPY_PHASE_STRIP = NO;
				DEBUG_INFORMATION_FORMAT = "dwarf-with-dsym";
				ENABLE_STRICT_OBJC_MSGSEND = YES;
				GCC_C_LANGUAGE_STANDARD = gnu99;
				GCC_DYNAMIC_NO_PIC = NO;
				GCC_NO_COMMON_BLOCKS = YES;
				GCC_OPTIMIZATION_LEVEL = 0;
				GCC_PREPROCESSOR_DEFINITIONS = (
					"DEBUG=1",
					"$(inherited)",
				);
				GCC_SYMBOLS_PRIVATE_EXTERN = NO;
				GCC_WARN_64_TO_32_BIT_CONVERSION = YES;
				GCC_WARN_ABOUT_RETURN_TYPE = YES_ERROR;
				GCC_WARN_UNDECLARED_SELECTOR = YES;
				GCC_WARN_UNINITIALIZED_AUTOS = YES_AGGRESSIVE;
				GCC_WARN_UNUSED_FUNCTION = YES;
				GCC_WARN_UNUSED_VARIABLE = YES;
				IPHONEOS_DEPLOYMENT_TARGET = 8.3;
				MTL_ENABLE_DEBUG_INFO = YES;
				ONLY_ACTIVE_ARCH = YES;
				SDKROOT = iphoneos;
				SWIFT_OPTIMIZATION_LEVEL = "-Onone";
			};
			name = Debug;
		};
		FCCC7C2A1B6D8E1C00A4E05B /* Release */ = {
			isa = XCBuildConfiguration;
			buildSettings = {
				ALWAYS_SEARCH_USER_PATHS = NO;
				CLANG_CXX_LANGUAGE_STANDARD = "gnu++0x";
				CLANG_CXX_LIBRARY = "libc++";
				CLANG_ENABLE_MODULES = YES;
				CLANG_ENABLE_OBJC_ARC = YES;
				CLANG_WARN_BOOL_CONVERSION = YES;
				CLANG_WARN_CONSTANT_CONVERSION = YES;
				CLANG_WARN_DIRECT_OBJC_ISA_USAGE = YES_ERROR;
				CLANG_WARN_EMPTY_BODY = YES;
				CLANG_WARN_ENUM_CONVERSION = YES;
				CLANG_WARN_INT_CONVERSION = YES;
				CLANG_WARN_OBJC_ROOT_CLASS = YES_ERROR;
				CLANG_WARN_UNREACHABLE_CODE = YES;
				CLANG_WARN__DUPLICATE_METHOD_MATCH = YES;
				"CODE_SIGN_IDENTITY[sdk=iphoneos*]" = "iPhone Developer";
				COPY_PHASE_STRIP = NO;
				DEBUG_INFORMATION_FORMAT = "dwarf-with-dsym";
				ENABLE_NS_ASSERTIONS = NO;
				ENABLE_STRICT_OBJC_MSGSEND = YES;
				GCC_C_LANGUAGE_STANDARD = gnu99;
				GCC_NO_COMMON_BLOCKS = YES;
				GCC_WARN_64_TO_32_BIT_CONVERSION = YES;
				GCC_WARN_ABOUT_RETURN_TYPE = YES_ERROR;
				GCC_WARN_UNDECLARED_SELECTOR = YES;
				GCC_WARN_UNINITIALIZED_AUTOS = YES_AGGRESSIVE;
				GCC_WARN_UNUSED_FUNCTION = YES;
				GCC_WARN_UNUSED_VARIABLE = YES;
				IPHONEOS_DEPLOYMENT_TARGET = 8.3;
				MTL_ENABLE_DEBUG_INFO = NO;
				SDKROOT = iphoneos;
				VALIDATE_PRODUCT = YES;
			};
			name = Release;
		};
		FCCC7C2C1B6D8E1C00A4E05B /* Debug */ = {
			isa = XCBuildConfiguration;
			buildSettings = {
				ASSETCATALOG_COMPILER_APPICON_NAME = AppIcon;
				INFOPLIST_FILE = Screwed/Info.plist;
				LD_RUNPATH_SEARCH_PATHS = "$(inherited) @executable_path/Frameworks";
				PRODUCT_NAME = "$(TARGET_NAME)";
			};
			name = Debug;
		};
		FCCC7C2D1B6D8E1C00A4E05B /* Release */ = {
			isa = XCBuildConfiguration;
			buildSettings = {
				ASSETCATALOG_COMPILER_APPICON_NAME = AppIcon;
				INFOPLIST_FILE = Screwed/Info.plist;
				LD_RUNPATH_SEARCH_PATHS = "$(inherited) @executable_path/Frameworks";
				PRODUCT_NAME = "$(TARGET_NAME)";
			};
			name = Release;
		};
		FCCC7C2F1B6D8E1C00A4E05B /* Debug */ = {
			isa = XCBuildConfiguration;
			buildSettings = {
				BUNDLE_LOADER = "$(TEST_HOST)";
				FRAMEWORK_SEARCH_PATHS = (
					"$(SDKROOT)/Developer/Library/Frameworks",
					"$(inherited)",
				);
				GCC_PREPROCESSOR_DEFINITIONS = (
					"DEBUG=1",
					"$(inherited)",
				);
				INFOPLIST_FILE = ScrewedTests/Info.plist;
				LD_RUNPATH_SEARCH_PATHS = "$(inherited) @executable_path/Frameworks @loader_path/Frameworks";
				PRODUCT_NAME = "$(TARGET_NAME)";
				TEST_HOST = "$(BUILT_PRODUCTS_DIR)/Screwed.app/Screwed";
			};
			name = Debug;
		};
		FCCC7C301B6D8E1C00A4E05B /* Release */ = {
			isa = XCBuildConfiguration;
			buildSettings = {
				BUNDLE_LOADER = "$(TEST_HOST)";
				FRAMEWORK_SEARCH_PATHS = (
					"$(SDKROOT)/Developer/Library/Frameworks",
					"$(inherited)",
				);
				INFOPLIST_FILE = ScrewedTests/Info.plist;
				LD_RUNPATH_SEARCH_PATHS = "$(inherited) @executable_path/Frameworks @loader_path/Frameworks";
				PRODUCT_NAME = "$(TARGET_NAME)";
				TEST_HOST = "$(BUILT_PRODUCTS_DIR)/Screwed.app/Screwed";
			};
			name = Release;
		};
/* End XCBuildConfiguration section */

/* Begin XCConfigurationList section */
		FCCC7C071B6D8E1B00A4E05B /* Build configuration list for PBXProject "Screwed" */ = {
			isa = XCConfigurationList;
			buildConfigurations = (
				FCCC7C291B6D8E1C00A4E05B /* Debug */,
				FCCC7C2A1B6D8E1C00A4E05B /* Release */,
			);
			defaultConfigurationIsVisible = 0;
			defaultConfigurationName = Release;
		};
		FCCC7C2B1B6D8E1C00A4E05B /* Build configuration list for PBXNativeTarget "Screwed" */ = {
			isa = XCConfigurationList;
			buildConfigurations = (
				FCCC7C2C1B6D8E1C00A4E05B /* Debug */,
				FCCC7C2D1B6D8E1C00A4E05B /* Release */,
			);
			defaultConfigurationIsVisible = 0;
		};
		FCCC7C2E1B6D8E1C00A4E05B /* Build configuration list for PBXNativeTarget "ScrewedTests" */ = {
			isa = XCConfigurationList;
			buildConfigurations = (
				FCCC7C2F1B6D8E1C00A4E05B /* Debug */,
				FCCC7C301B6D8E1C00A4E05B /* Release */,
			);
			defaultConfigurationIsVisible = 0;
		};
/* End XCConfigurationList section */
	};
	rootObject = FCCC7C041B6D8E1B00A4E05B /* Project object */;
}
